
Microsoft Visual Studio Solution File, Format Version 12.00
# Visual Studio 15
VisualStudioVersion = 15.0.27703.2000
MinimumVisualStudioVersion = 10.0.40219.1
Project("{FAE04EC0-301F-11D3-BF4B-00C04F79EFBC}") = "getGcisServer", "getgcisServer\getGcisServer.csproj", "{ECF004CF-388C-4BD1-9B03-391A7CEA2494}"
EndProject
Global
	GlobalSection(SolutionConfigurationPlatforms) = preSolution
		Debug|Any CPU = Debug|Any CPU
		Release|Any CPU = Release|Any CPU
	EndGlobalSection
	GlobalSection(ProjectConfigurationPlatforms) = postSolution
		{ECF004CF-388C-4BD1-9B03-391A7CEA2494}.Debug|Any CPU.ActiveCfg = Debug|Any CPU
		{ECF004CF-388C-4BD1-9B03-391A7CEA2494}.Debug|Any CPU.Build.0 = Debug|Any CPU
		{ECF004CF-388C-4BD1-9B03-391A7CEA2494}.Release|Any CPU.ActiveCfg = Release|Any CPU
		{ECF004CF-388C-4BD1-9B03-391A7CEA2494}.Release|Any CPU.Build.0 = Release|Any CPU
	EndGlobalSection
	GlobalSection(SolutionProperties) = preSolution
		HideSolutionNode = FALSE
	EndGlobalSection
	GlobalSection(ExtensibilityGlobals) = postSolution
		SolutionGuid = {89C46DF4-4A03-4DB4-ABCE-A48D40F084C7}
	EndGlobalSection
EndGlobal
